// !$*UTF8*$!
{
	archiveVersion = 1;
	classes = {
	};
	objectVersion = 55;
	objects = {

/* Begin PBXBuildFile section */
		0D269615289FEBAB00C39A4E /* CoreDataHelper.swift in Sources */ = {isa = PBXBuildFile; fileRef = 0D269614289FEBAB00C39A4E /* CoreDataHelper.swift */; };
		0D62F4AE287EEF3B0019AE77 /* AppDelegate.swift in Sources */ = {isa = PBXBuildFile; fileRef = 0D62F4AD287EEF3B0019AE77 /* AppDelegate.swift */; };
		0D62F4B0287EEF3B0019AE77 /* SceneDelegate.swift in Sources */ = {isa = PBXBuildFile; fileRef = 0D62F4AF287EEF3B0019AE77 /* SceneDelegate.swift */; };
		0D62F4B2287EEF3B0019AE77 /* LaunchViewController.swift in Sources */ = {isa = PBXBuildFile; fileRef = 0D62F4B1287EEF3B0019AE77 /* LaunchViewController.swift */; };
		0D62F4B5287EEF3B0019AE77 /* Main.storyboard in Resources */ = {isa = PBXBuildFile; fileRef = 0D62F4B3287EEF3B0019AE77 /* Main.storyboard */; };
		0D62F4B8287EEF3B0019AE77 /* Drawings.xcdatamodeld in Sources */ = {isa = PBXBuildFile; fileRef = 0D62F4B6287EEF3B0019AE77 /* Drawings.xcdatamodeld */; };
		0D62F4BA287EEF3C0019AE77 /* Assets.xcassets in Resources */ = {isa = PBXBuildFile; fileRef = 0D62F4B9287EEF3C0019AE77 /* Assets.xcassets */; };
		0D62F4BD287EEF3C0019AE77 /* LaunchScreen.storyboard in Resources */ = {isa = PBXBuildFile; fileRef = 0D62F4BB287EEF3C0019AE77 /* LaunchScreen.storyboard */; };
		0D74982228841D2600970446 /* ItemsViewModel.swift in Sources */ = {isa = PBXBuildFile; fileRef = 0D74982128841D2600970446 /* ItemsViewModel.swift */; };
		0D976110289C008600789830 /* Entity+CoreDataClass.swift in Sources */ = {isa = PBXBuildFile; fileRef = 0D97610E289C008600789830 /* Entity+CoreDataClass.swift */; };
		0D976111289C008600789830 /* Entity+CoreDataProperties.swift in Sources */ = {isa = PBXBuildFile; fileRef = 0D97610F289C008600789830 /* Entity+CoreDataProperties.swift */; };
		0D9D4EFC288275E500FE8A03 /* Extensions.swift in Sources */ = {isa = PBXBuildFile; fileRef = 0D9D4EFB288275E500FE8A03 /* Extensions.swift */; };
		0DA540C62885FB0900D73922 /* ColorViewController.swift in Sources */ = {isa = PBXBuildFile; fileRef = 0DA540C52885FB0900D73922 /* ColorViewController.swift */; };
		0DA96BB82885AA560036CB13 /* SettingsViewController.swift in Sources */ = {isa = PBXBuildFile; fileRef = 0DA96BB72885AA560036CB13 /* SettingsViewController.swift */; };
		0DA96BBB2885EF9F0036CB13 /* ColorCell.swift in Sources */ = {isa = PBXBuildFile; fileRef = 0DA96BB92885EF9F0036CB13 /* ColorCell.swift */; };
		0DA96BBC2885EF9F0036CB13 /* ColorCell.xib in Resources */ = {isa = PBXBuildFile; fileRef = 0DA96BBA2885EF9F0036CB13 /* ColorCell.xib */; };
		0DB8CA7C288267C000976218 /* ExportViewController.swift in Sources */ = {isa = PBXBuildFile; fileRef = 0DB8CA7B288267BF00976218 /* ExportViewController.swift */; };
		0DDBAF16287F0C6900EA70C2 /* ItemsViewController.swift in Sources */ = {isa = PBXBuildFile; fileRef = 0DDBAF15287F0C6900EA70C2 /* ItemsViewController.swift */; };
		0DDBAF18287F0CBF00EA70C2 /* EditViewController.swift in Sources */ = {isa = PBXBuildFile; fileRef = 0DDBAF17287F0CBF00EA70C2 /* EditViewController.swift */; };
		0DDBAF1F287F0EFC00EA70C2 /* DefaultCell.swift in Sources */ = {isa = PBXBuildFile; fileRef = 0DDBAF1D287F0EFC00EA70C2 /* DefaultCell.swift */; };
		0DDBAF20287F0EFC00EA70C2 /* DefaultCell.xib in Resources */ = {isa = PBXBuildFile; fileRef = 0DDBAF1E287F0EFC00EA70C2 /* DefaultCell.xib */; };
		0DDBAF23287F100400EA70C2 /* CustomCell.swift in Sources */ = {isa = PBXBuildFile; fileRef = 0DDBAF21287F100400EA70C2 /* CustomCell.swift */; };
		0DDBAF24287F100400EA70C2 /* CustomCell.xib in Resources */ = {isa = PBXBuildFile; fileRef = 0DDBAF22287F100400EA70C2 /* CustomCell.xib */; };
		0DE909E628833ECC008268CD /* Canvas.swift in Sources */ = {isa = PBXBuildFile; fileRef = 0DE909E528833ECC008268CD /* Canvas.swift */; };
		0DF351602885F4CA00879A3A /* ColorModel.swift in Sources */ = {isa = PBXBuildFile; fileRef = 0DF3515F2885F4CA00879A3A /* ColorModel.swift */; };
/* End PBXBuildFile section */

/* Begin PBXFileReference section */
		0D269614289FEBAB00C39A4E /* CoreDataHelper.swift */ = {isa = PBXFileReference; lastKnownFileType = sourcecode.swift; path = CoreDataHelper.swift; sourceTree = "<group>"; };
		0D62F4AA287EEF3B0019AE77 /* PicturesArt.app */ = {isa = PBXFileReference; explicitFileType = wrapper.application; includeInIndex = 0; path = PicturesArt.app; sourceTree = BUILT_PRODUCTS_DIR; };
		0D62F4AD287EEF3B0019AE77 /* AppDelegate.swift */ = {isa = PBXFileReference; lastKnownFileType = sourcecode.swift; path = AppDelegate.swift; sourceTree = "<group>"; };
		0D62F4AF287EEF3B0019AE77 /* SceneDelegate.swift */ = {isa = PBXFileReference; lastKnownFileType = sourcecode.swift; path = SceneDelegate.swift; sourceTree = "<group>"; };
		0D62F4B1287EEF3B0019AE77 /* LaunchViewController.swift */ = {isa = PBXFileReference; lastKnownFileType = sourcecode.swift; path = LaunchViewController.swift; sourceTree = "<group>"; };
		0D62F4B4287EEF3B0019AE77 /* Base */ = {isa = PBXFileReference; lastKnownFileType = file.storyboard; name = Base; path = Base.lproj/Main.storyboard; sourceTree = "<group>"; };
		0D62F4B7287EEF3B0019AE77 /* PicturesArt.xcdatamodel */ = {isa = PBXFileReference; lastKnownFileType = wrapper.xcdatamodel; path = PicturesArt.xcdatamodel; sourceTree = "<group>"; };
		0D62F4B9287EEF3C0019AE77 /* Assets.xcassets */ = {isa = PBXFileReference; lastKnownFileType = folder.assetcatalog; path = Assets.xcassets; sourceTree = "<group>"; };
		0D62F4BC287EEF3C0019AE77 /* Base */ = {isa = PBXFileReference; lastKnownFileType = file.storyboard; name = Base; path = Base.lproj/LaunchScreen.storyboard; sourceTree = "<group>"; };
		0D62F4BE287EEF3C0019AE77 /* Info.plist */ = {isa = PBXFileReference; lastKnownFileType = text.plist.xml; path = Info.plist; sourceTree = "<group>"; };
		0D74982128841D2600970446 /* ItemsViewModel.swift */ = {isa = PBXFileReference; lastKnownFileType = sourcecode.swift; path = ItemsViewModel.swift; sourceTree = "<group>"; };
		0D97610E289C008600789830 /* Entity+CoreDataClass.swift */ = {isa = PBXFileReference; lastKnownFileType = sourcecode.swift; path = "Entity+CoreDataClass.swift"; sourceTree = "<group>"; };
		0D97610F289C008600789830 /* Entity+CoreDataProperties.swift */ = {isa = PBXFileReference; lastKnownFileType = sourcecode.swift; path = "Entity+CoreDataProperties.swift"; sourceTree = "<group>"; };
		0D9D4EFB288275E500FE8A03 /* Extensions.swift */ = {isa = PBXFileReference; lastKnownFileType = sourcecode.swift; path = Extensions.swift; sourceTree = "<group>"; };
		0DA540C52885FB0900D73922 /* ColorViewController.swift */ = {isa = PBXFileReference; lastKnownFileType = sourcecode.swift; path = ColorViewController.swift; sourceTree = "<group>"; };
		0DA96BB72885AA560036CB13 /* SettingsViewController.swift */ = {isa = PBXFileReference; lastKnownFileType = sourcecode.swift; path = SettingsViewController.swift; sourceTree = "<group>"; };
		0DA96BB92885EF9F0036CB13 /* ColorCell.swift */ = {isa = PBXFileReference; lastKnownFileType = sourcecode.swift; path = ColorCell.swift; sourceTree = "<group>"; };
		0DA96BBA2885EF9F0036CB13 /* ColorCell.xib */ = {isa = PBXFileReference; lastKnownFileType = file.xib; path = ColorCell.xib; sourceTree = "<group>"; };
		0DB8CA7B288267BF00976218 /* ExportViewController.swift */ = {isa = PBXFileReference; lastKnownFileType = sourcecode.swift; path = ExportViewController.swift; sourceTree = "<group>"; };
		0DDBAF15287F0C6900EA70C2 /* ItemsViewController.swift */ = {isa = PBXFileReference; lastKnownFileType = sourcecode.swift; path = ItemsViewController.swift; sourceTree = "<group>"; };
		0DDBAF17287F0CBF00EA70C2 /* EditViewController.swift */ = {isa = PBXFileReference; lastKnownFileType = sourcecode.swift; path = EditViewController.swift; sourceTree = "<group>"; };
		0DDBAF1D287F0EFC00EA70C2 /* DefaultCell.swift */ = {isa = PBXFileReference; lastKnownFileType = sourcecode.swift; path = DefaultCell.swift; sourceTree = "<group>"; };
		0DDBAF1E287F0EFC00EA70C2 /* DefaultCell.xib */ = {isa = PBXFileReference; lastKnownFileType = file.xib; path = DefaultCell.xib; sourceTree = "<group>"; };
		0DDBAF21287F100400EA70C2 /* CustomCell.swift */ = {isa = PBXFileReference; lastKnownFileType = sourcecode.swift; path = CustomCell.swift; sourceTree = "<group>"; };
		0DDBAF22287F100400EA70C2 /* CustomCell.xib */ = {isa = PBXFileReference; lastKnownFileType = file.xib; path = CustomCell.xib; sourceTree = "<group>"; };
		0DE909E528833ECC008268CD /* Canvas.swift */ = {isa = PBXFileReference; lastKnownFileType = sourcecode.swift; path = Canvas.swift; sourceTree = "<group>"; };
		0DF3515F2885F4CA00879A3A /* ColorModel.swift */ = {isa = PBXFileReference; lastKnownFileType = sourcecode.swift; path = ColorModel.swift; sourceTree = "<group>"; };
/* End PBXFileReference section */

/* Begin PBXFrameworksBuildPhase section */
		0D62F4A7287EEF3B0019AE77 /* Frameworks */ = {
			isa = PBXFrameworksBuildPhase;
			buildActionMask = 2147483647;
			files = (
			);
			runOnlyForDeploymentPostprocessing = 0;
		};
/* End PBXFrameworksBuildPhase section */

/* Begin PBXGroup section */
		0D62F4A1287EEF3B0019AE77 = {
			isa = PBXGroup;
			children = (
				0D62F4AC287EEF3B0019AE77 /* PicturesArt */,
				0D62F4AB287EEF3B0019AE77 /* Products */,
			);
			sourceTree = "<group>";
		};
		0D62F4AB287EEF3B0019AE77 /* Products */ = {
			isa = PBXGroup;
			children = (
				0D62F4AA287EEF3B0019AE77 /* PicturesArt.app */,
			);
			name = Products;
			sourceTree = "<group>";
		};
		0D62F4AC287EEF3B0019AE77 /* PicturesArt */ = {
			isa = PBXGroup;
			children = (
				0D909727289AD6340001DB5E /* MainFiles */,
				0DA96BBE2885F0190036CB13 /* Cells */,
				0DA96BBF2885F0250036CB13 /* ViewControllers */,
				0DA96BC02885F0400036CB13 /* Support */,
				0D909726289AD61D0001DB5E /* Model */,
				0D909728289AD6460001DB5E /* InterfaceBuilders */,
			);
			path = PicturesArt;
			sourceTree = "<group>";
		};
		0D909726289AD61D0001DB5E /* Model */ = {
			isa = PBXGroup;
			children = (
				0D62F4B6287EEF3B0019AE77 /* Drawings.xcdatamodeld */,
				0D97610E289C008600789830 /* Entity+CoreDataClass.swift */,
				0D97610F289C008600789830 /* Entity+CoreDataProperties.swift */,
				0D269614289FEBAB00C39A4E /* CoreDataHelper.swift */,
			);
			path = Model;
			sourceTree = "<group>";
		};
		0D909727289AD6340001DB5E /* MainFiles */ = {
			isa = PBXGroup;
			children = (
				0D62F4AD287EEF3B0019AE77 /* AppDelegate.swift */,
				0D62F4AF287EEF3B0019AE77 /* SceneDelegate.swift */,
				0D62F4B9287EEF3C0019AE77 /* Assets.xcassets */,
				0D62F4BE287EEF3C0019AE77 /* Info.plist */,
			);
			path = MainFiles;
			sourceTree = "<group>";
		};
		0D909728289AD6460001DB5E /* InterfaceBuilders */ = {
			isa = PBXGroup;
			children = (
				0D62F4B3287EEF3B0019AE77 /* Main.storyboard */,
				0D62F4BB287EEF3C0019AE77 /* LaunchScreen.storyboard */,
			);
			path = InterfaceBuilders;
			sourceTree = "<group>";
		};
		0DA96BBD2885F00A0036CB13 /* ColorCell */ = {
			isa = PBXGroup;
			children = (
				0DA96BB92885EF9F0036CB13 /* ColorCell.swift */,
				0DA96BBA2885EF9F0036CB13 /* ColorCell.xib */,
			);
			path = ColorCell;
			sourceTree = "<group>";
		};
		0DA96BBE2885F0190036CB13 /* Cells */ = {
			isa = PBXGroup;
			children = (
				0DDBAF25287F107000EA70C2 /* DefaultCell */,
				0DDBAF26287F107A00EA70C2 /* CustomCell */,
				0DA96BBD2885F00A0036CB13 /* ColorCell */,
			);
			path = Cells;
			sourceTree = "<group>";
		};
		0DA96BBF2885F0250036CB13 /* ViewControllers */ = {
			isa = PBXGroup;
			children = (
				0D62F4B1287EEF3B0019AE77 /* LaunchViewController.swift */,
				0DDBAF15287F0C6900EA70C2 /* ItemsViewController.swift */,
				0DDBAF17287F0CBF00EA70C2 /* EditViewController.swift */,
				0DA96BB72885AA560036CB13 /* SettingsViewController.swift */,
				0DB8CA7B288267BF00976218 /* ExportViewController.swift */,
				0DA540C52885FB0900D73922 /* ColorViewController.swift */,
			);
			path = ViewControllers;
			sourceTree = "<group>";
		};
		0DA96BC02885F0400036CB13 /* Support */ = {
			isa = PBXGroup;
			children = (
				0DE909E528833ECC008268CD /* Canvas.swift */,
				0DF3515F2885F4CA00879A3A /* ColorModel.swift */,
				0D74982128841D2600970446 /* ItemsViewModel.swift */,
				0D9D4EFB288275E500FE8A03 /* Extensions.swift */,
			);
			path = Support;
			sourceTree = "<group>";
		};
		0DDBAF25287F107000EA70C2 /* DefaultCell */ = {
			isa = PBXGroup;
			children = (
				0DDBAF1D287F0EFC00EA70C2 /* DefaultCell.swift */,
				0DDBAF1E287F0EFC00EA70C2 /* DefaultCell.xib */,
			);
			path = DefaultCell;
			sourceTree = "<group>";
		};
		0DDBAF26287F107A00EA70C2 /* CustomCell */ = {
			isa = PBXGroup;
			children = (
				0DDBAF21287F100400EA70C2 /* CustomCell.swift */,
				0DDBAF22287F100400EA70C2 /* CustomCell.xib */,
			);
			path = CustomCell;
			sourceTree = "<group>";
		};
/* End PBXGroup section */

/* Begin PBXNativeTarget section */
		0D62F4A9287EEF3B0019AE77 /* PicturesArt */ = {
			isa = PBXNativeTarget;
			buildConfigurationList = 0D62F4C1287EEF3C0019AE77 /* Build configuration list for PBXNativeTarget "PicturesArt" */;
			buildPhases = (
				0D62F4A6287EEF3B0019AE77 /* Sources */,
				0D62F4A7287EEF3B0019AE77 /* Frameworks */,
				0D62F4A8287EEF3B0019AE77 /* Resources */,
			);
			buildRules = (
			);
			dependencies = (
			);
			name = PicturesArt;
			productName = PicturesArt;
			productReference = 0D62F4AA287EEF3B0019AE77 /* PicturesArt.app */;
			productType = "com.apple.product-type.application";
		};
/* End PBXNativeTarget section */

/* Begin PBXProject section */
		0D62F4A2287EEF3B0019AE77 /* Project object */ = {
			isa = PBXProject;
			attributes = {
				BuildIndependentTargetsInParallel = 1;
				LastSwiftUpdateCheck = 1340;
				LastUpgradeCheck = 1340;
				TargetAttributes = {
					0D62F4A9287EEF3B0019AE77 = {
						CreatedOnToolsVersion = 13.4.1;
					};
				};
			};
			buildConfigurationList = 0D62F4A5287EEF3B0019AE77 /* Build configuration list for PBXProject "PicturesArt" */;
			compatibilityVersion = "Xcode 13.0";
			developmentRegion = en;
			hasScannedForEncodings = 0;
			knownRegions = (
				en,
				Base,
			);
			mainGroup = 0D62F4A1287EEF3B0019AE77;
			productRefGroup = 0D62F4AB287EEF3B0019AE77 /* Products */;
			projectDirPath = "";
			projectRoot = "";
			targets = (
				0D62F4A9287EEF3B0019AE77 /* PicturesArt */,
			);
		};
/* End PBXProject section */

/* Begin PBXResourcesBuildPhase section */
		0D62F4A8287EEF3B0019AE77 /* Resources */ = {
			isa = PBXResourcesBuildPhase;
			buildActionMask = 2147483647;
			files = (
				0DDBAF24287F100400EA70C2 /* CustomCell.xib in Resources */,
				0D62F4BD287EEF3C0019AE77 /* LaunchScreen.storyboard in Resources */,
				0DDBAF20287F0EFC00EA70C2 /* DefaultCell.xib in Resources */,
				0DA96BBC2885EF9F0036CB13 /* ColorCell.xib in Resources */,
				0D62F4BA287EEF3C0019AE77 /* Assets.xcassets in Resources */,
				0D62F4B5287EEF3B0019AE77 /* Main.storyboard in Resources */,
			);
			runOnlyForDeploymentPostprocessing = 0;
		};
/* End PBXResourcesBuildPhase section */

/* Begin PBXSourcesBuildPhase section */
		0D62F4A6287EEF3B0019AE77 /* Sources */ = {
			isa = PBXSourcesBuildPhase;
			buildActionMask = 2147483647;
			files = (
				0DDBAF1F287F0EFC00EA70C2 /* DefaultCell.swift in Sources */,
				0D62F4B2287EEF3B0019AE77 /* LaunchViewController.swift in Sources */,
				0DA540C62885FB0900D73922 /* ColorViewController.swift in Sources */,
				0DB8CA7C288267C000976218 /* ExportViewController.swift in Sources */,
				0DDBAF16287F0C6900EA70C2 /* ItemsViewController.swift in Sources */,
				0DDBAF18287F0CBF00EA70C2 /* EditViewController.swift in Sources */,
				0D74982228841D2600970446 /* ItemsViewModel.swift in Sources */,
				0D976110289C008600789830 /* Entity+CoreDataClass.swift in Sources */,
				0D62F4AE287EEF3B0019AE77 /* AppDelegate.swift in Sources */,
				0D269615289FEBAB00C39A4E /* CoreDataHelper.swift in Sources */,
				0D976111289C008600789830 /* Entity+CoreDataProperties.swift in Sources */,
				0D62F4B8287EEF3B0019AE77 /* Drawings.xcdatamodeld in Sources */,
				0DE909E628833ECC008268CD /* Canvas.swift in Sources */,
				0DA96BBB2885EF9F0036CB13 /* ColorCell.swift in Sources */,
				0D9D4EFC288275E500FE8A03 /* Extensions.swift in Sources */,
				0DA96BB82885AA560036CB13 /* SettingsViewController.swift in Sources */,
				0DDBAF23287F100400EA70C2 /* CustomCell.swift in Sources */,
				0D62F4B0287EEF3B0019AE77 /* SceneDelegate.swift in Sources */,
				0DF351602885F4CA00879A3A /* ColorModel.swift in Sources */,
			);
			runOnlyForDeploymentPostprocessing = 0;
		};
/* End PBXSourcesBuildPhase section */

/* Begin PBXVariantGroup section */
		0D62F4B3287EEF3B0019AE77 /* Main.storyboard */ = {
			isa = PBXVariantGroup;
			children = (
				0D62F4B4287EEF3B0019AE77 /* Base */,
			);
			name = Main.storyboard;
			sourceTree = "<group>";
		};
		0D62F4BB287EEF3C0019AE77 /* LaunchScreen.storyboard */ = {
			isa = PBXVariantGroup;
			children = (
				0D62F4BC287EEF3C0019AE77 /* Base */,
			);
			name = LaunchScreen.storyboard;
			sourceTree = "<group>";
		};
/* End PBXVariantGroup section */

/* Begin XCBuildConfiguration section */
		0D62F4BF287EEF3C0019AE77 /* Debug */ = {
			isa = XCBuildConfiguration;
			buildSettings = {
				ALWAYS_SEARCH_USER_PATHS = NO;
				CLANG_ANALYZER_NONNULL = YES;
				CLANG_ANALYZER_NUMBER_OBJECT_CONVERSION = YES_AGGRESSIVE;
				CLANG_CXX_LANGUAGE_STANDARD = "gnu++17";
				CLANG_ENABLE_MODULES = YES;
				CLANG_ENABLE_OBJC_ARC = YES;
				CLANG_ENABLE_OBJC_WEAK = YES;
				CLANG_WARN_BLOCK_CAPTURE_AUTORELEASING = YES;
				CLANG_WARN_BOOL_CONVERSION = YES;
				CLANG_WARN_COMMA = YES;
				CLANG_WARN_CONSTANT_CONVERSION = YES;
				CLANG_WARN_DEPRECATED_OBJC_IMPLEMENTATIONS = YES;
				CLANG_WARN_DIRECT_OBJC_ISA_USAGE = YES_ERROR;
				CLANG_WARN_DOCUMENTATION_COMMENTS = YES;
				CLANG_WARN_EMPTY_BODY = YES;
				CLANG_WARN_ENUM_CONVERSION = YES;
				CLANG_WARN_INFINITE_RECURSION = YES;
				CLANG_WARN_INT_CONVERSION = YES;
				CLANG_WARN_NON_LITERAL_NULL_CONVERSION = YES;
				CLANG_WARN_OBJC_IMPLICIT_RETAIN_SELF = YES;
				CLANG_WARN_OBJC_LITERAL_CONVERSION = YES;
				CLANG_WARN_OBJC_ROOT_CLASS = YES_ERROR;
				CLANG_WARN_QUOTED_INCLUDE_IN_FRAMEWORK_HEADER = YES;
				CLANG_WARN_RANGE_LOOP_ANALYSIS = YES;
				CLANG_WARN_STRICT_PROTOTYPES = YES;
				CLANG_WARN_SUSPICIOUS_MOVE = YES;
				CLANG_WARN_UNGUARDED_AVAILABILITY = YES_AGGRESSIVE;
				CLANG_WARN_UNREACHABLE_CODE = YES;
				CLANG_WARN__DUPLICATE_METHOD_MATCH = YES;
				COPY_PHASE_STRIP = NO;
				DEBUG_INFORMATION_FORMAT = dwarf;
				ENABLE_STRICT_OBJC_MSGSEND = YES;
				ENABLE_TESTABILITY = YES;
				GCC_C_LANGUAGE_STANDARD = gnu11;
				GCC_DYNAMIC_NO_PIC = NO;
				GCC_NO_COMMON_BLOCKS = YES;
				GCC_OPTIMIZATION_LEVEL = 0;
				GCC_PREPROCESSOR_DEFINITIONS = (
					"DEBUG=1",
					"$(inherited)",
				);
				GCC_WARN_64_TO_32_BIT_CONVERSION = YES;
				GCC_WARN_ABOUT_RETURN_TYPE = YES_ERROR;
				GCC_WARN_UNDECLARED_SELECTOR = YES;
				GCC_WARN_UNINITIALIZED_AUTOS = YES_AGGRESSIVE;
				GCC_WARN_UNUSED_FUNCTION = YES;
				GCC_WARN_UNUSED_VARIABLE = YES;
				IPHONEOS_DEPLOYMENT_TARGET = 15.5;
				MTL_ENABLE_DEBUG_INFO = INCLUDE_SOURCE;
				MTL_FAST_MATH = YES;
				ONLY_ACTIVE_ARCH = YES;
				SDKROOT = iphoneos;
				SWIFT_ACTIVE_COMPILATION_CONDITIONS = DEBUG;
				SWIFT_OPTIMIZATION_LEVEL = "-Onone";
			};
			name = Debug;
		};
		0D62F4C0287EEF3C0019AE77 /* Release */ = {
			isa = XCBuildConfiguration;
			buildSettings = {
				ALWAYS_SEARCH_USER_PATHS = NO;
				CLANG_ANALYZER_NONNULL = YES;
				CLANG_ANALYZER_NUMBER_OBJECT_CONVERSION = YES_AGGRESSIVE;
				CLANG_CXX_LANGUAGE_STANDARD = "gnu++17";
				CLANG_ENABLE_MODULES = YES;
				CLANG_ENABLE_OBJC_ARC = YES;
				CLANG_ENABLE_OBJC_WEAK = YES;
				CLANG_WARN_BLOCK_CAPTURE_AUTORELEASING = YES;
				CLANG_WARN_BOOL_CONVERSION = YES;
				CLANG_WARN_COMMA = YES;
				CLANG_WARN_CONSTANT_CONVERSION = YES;
				CLANG_WARN_DEPRECATED_OBJC_IMPLEMENTATIONS = YES;
				CLANG_WARN_DIRECT_OBJC_ISA_USAGE = YES_ERROR;
				CLANG_WARN_DOCUMENTATION_COMMENTS = YES;
				CLANG_WARN_EMPTY_BODY = YES;
				CLANG_WARN_ENUM_CONVERSION = YES;
				CLANG_WARN_INFINITE_RECURSION = YES;
				CLANG_WARN_INT_CONVERSION = YES;
				CLANG_WARN_NON_LITERAL_NULL_CONVERSION = YES;
				CLANG_WARN_OBJC_IMPLICIT_RETAIN_SELF = YES;
				CLANG_WARN_OBJC_LITERAL_CONVERSION = YES;
				CLANG_WARN_OBJC_ROOT_CLASS = YES_ERROR;
				CLANG_WARN_QUOTED_INCLUDE_IN_FRAMEWORK_HEADER = YES;
				CLANG_WARN_RANGE_LOOP_ANALYSIS = YES;
				CLANG_WARN_STRICT_PROTOTYPES = YES;
				CLANG_WARN_SUSPICIOUS_MOVE = YES;
				CLANG_WARN_UNGUARDED_AVAILABILITY = YES_AGGRESSIVE;
				CLANG_WARN_UNREACHABLE_CODE = YES;
				CLANG_WARN__DUPLICATE_METHOD_MATCH = YES;
				COPY_PHASE_STRIP = NO;
				DEBUG_INFORMATION_FORMAT = "dwarf-with-dsym";
				ENABLE_NS_ASSERTIONS = NO;
				ENABLE_STRICT_OBJC_MSGSEND = YES;
				GCC_C_LANGUAGE_STANDARD = gnu11;
				GCC_NO_COMMON_BLOCKS = YES;
				GCC_WARN_64_TO_32_BIT_CONVERSION = YES;
				GCC_WARN_ABOUT_RETURN_TYPE = YES_ERROR;
				GCC_WARN_UNDECLARED_SELECTOR = YES;
				GCC_WARN_UNINITIALIZED_AUTOS = YES_AGGRESSIVE;
				GCC_WARN_UNUSED_FUNCTION = YES;
				GCC_WARN_UNUSED_VARIABLE = YES;
				IPHONEOS_DEPLOYMENT_TARGET = 15.5;
				MTL_ENABLE_DEBUG_INFO = NO;
				MTL_FAST_MATH = YES;
				SDKROOT = iphoneos;
				SWIFT_COMPILATION_MODE = wholemodule;
				SWIFT_OPTIMIZATION_LEVEL = "-O";
				VALIDATE_PRODUCT = YES;
			};
			name = Release;
		};
		0D62F4C2287EEF3C0019AE77 /* Debug */ = {
			isa = XCBuildConfiguration;
			buildSettings = {
				ASSETCATALOG_COMPILER_APPICON_NAME = AppIcon;
				ASSETCATALOG_COMPILER_GLOBAL_ACCENT_COLOR_NAME = AccentColor;
				CODE_SIGN_STYLE = Automatic;
				CURRENT_PROJECT_VERSION = 1;
				DEVELOPMENT_TEAM = SRS4ZYX9NV;
				GENERATE_INFOPLIST_FILE = YES;
				INFOPLIST_FILE = PicturesArt/MainFiles/Info.plist;
				INFOPLIST_KEY_UIApplicationSupportsIndirectInputEvents = YES;
				INFOPLIST_KEY_UILaunchStoryboardName = LaunchScreen;
				INFOPLIST_KEY_UIMainStoryboardFile = Main;
				INFOPLIST_KEY_UISupportedInterfaceOrientations_iPad = "UIInterfaceOrientationPortrait UIInterfaceOrientationPortraitUpsideDown UIInterfaceOrientationLandscapeLeft UIInterfaceOrientationLandscapeRight";
				INFOPLIST_KEY_UISupportedInterfaceOrientations_iPhone = "UIInterfaceOrientationPortrait UIInterfaceOrientationLandscapeLeft UIInterfaceOrientationLandscapeRight";
				LD_RUNPATH_SEARCH_PATHS = (
					"$(inherited)",
					"@executable_path/Frameworks",
				);
				MARKETING_VERSION = 1.0;
				PRODUCT_BUNDLE_IDENTIFIER = picsart.academy.PicturesArt;
				PRODUCT_NAME = "$(TARGET_NAME)";
				SWIFT_EMIT_LOC_STRINGS = YES;
				SWIFT_VERSION = 5.0;
				TARGETED_DEVICE_FAMILY = "1,2";
			};
			name = Debug;
		};
		0D62F4C3287EEF3C0019AE77 /* Release */ = {
			isa = XCBuildConfiguration;
			buildSettings = {
				ASSETCATALOG_COMPILER_APPICON_NAME = AppIcon;
				ASSETCATALOG_COMPILER_GLOBAL_ACCENT_COLOR_NAME = AccentColor;
				CODE_SIGN_STYLE = Automatic;
				CURRENT_PROJECT_VERSION = 1;
				DEVELOPMENT_TEAM = SRS4ZYX9NV;
				GENERATE_INFOPLIST_FILE = YES;
				INFOPLIST_FILE = PicturesArt/MainFiles/Info.plist;
				INFOPLIST_KEY_UIApplicationSupportsIndirectInputEvents = YES;
				INFOPLIST_KEY_UILaunchStoryboardName = LaunchScreen;
				INFOPLIST_KEY_UIMainStoryboardFile = Main;
				INFOPLIST_KEY_UISupportedInterfaceOrientations_iPad = "UIInterfaceOrientationPortrait UIInterfaceOrientationPortraitUpsideDown UIInterfaceOrientationLandscapeLeft UIInterfaceOrientationLandscapeRight";
				INFOPLIST_KEY_UISupportedInterfaceOrientations_iPhone = "UIInterfaceOrientationPortrait UIInterfaceOrientationLandscapeLeft UIInterfaceOrientationLandscapeRight";
				LD_RUNPATH_SEARCH_PATHS = (
					"$(inherited)",
					"@executable_path/Frameworks",
				);
				MARKETING_VERSION = 1.0;
				PRODUCT_BUNDLE_IDENTIFIER = picsart.academy.PicturesArt;
				PRODUCT_NAME = "$(TARGET_NAME)";
				SWIFT_EMIT_LOC_STRINGS = YES;
				SWIFT_VERSION = 5.0;
				TARGETED_DEVICE_FAMILY = "1,2";
			};
			name = Release;
		};
/* End XCBuildConfiguration section */

/* Begin XCConfigurationList section */
		0D62F4A5287EEF3B0019AE77 /* Build configuration list for PBXProject "PicturesArt" */ = {
			isa = XCConfigurationList;
			buildConfigurations = (
				0D62F4BF287EEF3C0019AE77 /* Debug */,
				0D62F4C0287EEF3C0019AE77 /* Release */,
			);
			defaultConfigurationIsVisible = 0;
			defaultConfigurationName = Release;
		};
		0D62F4C1287EEF3C0019AE77 /* Build configuration list for PBXNativeTarget "PicturesArt" */ = {
			isa = XCConfigurationList;
			buildConfigurations = (
				0D62F4C2287EEF3C0019AE77 /* Debug */,
				0D62F4C3287EEF3C0019AE77 /* Release */,
			);
			defaultConfigurationIsVisible = 0;
			defaultConfigurationName = Release;
		};
/* End XCConfigurationList section */

/* Begin XCVersionGroup section */
		0D62F4B6287EEF3B0019AE77 /* Drawings.xcdatamodeld */ = {
			isa = XCVersionGroup;
			children = (
				0D62F4B7287EEF3B0019AE77 /* PicturesArt.xcdatamodel */,
			);
			currentVersion = 0D62F4B7287EEF3B0019AE77 /* PicturesArt.xcdatamodel */;
			path = Drawings.xcdatamodeld;
			sourceTree = "<group>";
			versionGroupType = wrapper.xcdatamodel;
		};
/* End XCVersionGroup section */
	};
	rootObject = 0D62F4A2287EEF3B0019AE77 /* Project object */;
}
